// !$*UTF8*$!
{
	archiveVersion = 1;
	classes = {
	};
	objectVersion = 51;
	objects = {

/* Begin PBXBuildFile section */
		41AF9BE5D4F6B0F5E687DB9F /* Pods_FlixTests.framework in Frameworks */ = {isa = PBXBuildFile; fileRef = 3D8C86118634BBC0723F5DE7 /* Pods_FlixTests.framework */; };
		6EBD2DB85EAC6EBF08A41CCC /* Pods_Flix.framework in Frameworks */ = {isa = PBXBuildFile; fileRef = 14415CDB7779411E0EF48373 /* Pods_Flix.framework */; };
		A0D390D0A95571F1D400142D /* Pods_Flix_FlixUITests.framework in Frameworks */ = {isa = PBXBuildFile; fileRef = 6FD7A94BAFE7033F16A548D1 /* Pods_Flix_FlixUITests.framework */; };
		C794E38525D5D53600AEACAF /* AppDelegate.swift in Sources */ = {isa = PBXBuildFile; fileRef = C794E38425D5D53600AEACAF /* AppDelegate.swift */; };
		C794E38725D5D53600AEACAF /* SceneDelegate.swift in Sources */ = {isa = PBXBuildFile; fileRef = C794E38625D5D53600AEACAF /* SceneDelegate.swift */; };
		C794E38C25D5D53600AEACAF /* Main.storyboard in Resources */ = {isa = PBXBuildFile; fileRef = C794E38A25D5D53600AEACAF /* Main.storyboard */; };
		C794E38E25D5D53800AEACAF /* Assets.xcassets in Resources */ = {isa = PBXBuildFile; fileRef = C794E38D25D5D53800AEACAF /* Assets.xcassets */; };
		C794E39125D5D53800AEACAF /* LaunchScreen.storyboard in Resources */ = {isa = PBXBuildFile; fileRef = C794E38F25D5D53800AEACAF /* LaunchScreen.storyboard */; };
		C794E39C25D5D53800AEACAF /* FlixTests.swift in Sources */ = {isa = PBXBuildFile; fileRef = C794E39B25D5D53800AEACAF /* FlixTests.swift */; };
		C794E3A725D5D53800AEACAF /* FlixUITests.swift in Sources */ = {isa = PBXBuildFile; fileRef = C794E3A625D5D53800AEACAF /* FlixUITests.swift */; };
		C794E3C125D9AF2200AEACAF /* MovieViewController.swift in Sources */ = {isa = PBXBuildFile; fileRef = C794E3C025D9AF2200AEACAF /* MovieViewController.swift */; };
		C794E3C625D9F5FE00AEACAF /* MovieCell.swift in Sources */ = {isa = PBXBuildFile; fileRef = C794E3C525D9F5FE00AEACAF /* MovieCell.swift */; };
/* End PBXBuildFile section */

/* Begin PBXContainerItemProxy section */
		C794E39825D5D53800AEACAF /* PBXContainerItemProxy */ = {
			isa = PBXContainerItemProxy;
			containerPortal = C794E37925D5D53600AEACAF /* Project object */;
			proxyType = 1;
			remoteGlobalIDString = C794E38025D5D53600AEACAF;
			remoteInfo = Flix;
		};
		C794E3A325D5D53800AEACAF /* PBXContainerItemProxy */ = {
			isa = PBXContainerItemProxy;
			containerPortal = C794E37925D5D53600AEACAF /* Project object */;
			proxyType = 1;
			remoteGlobalIDString = C794E38025D5D53600AEACAF;
			remoteInfo = Flix;
		};
/* End PBXContainerItemProxy section */

/* Begin PBXFileReference section */
		14415CDB7779411E0EF48373 /* Pods_Flix.framework */ = {isa = PBXFileReference; explicitFileType = wrapper.framework; includeInIndex = 0; path = Pods_Flix.framework; sourceTree = BUILT_PRODUCTS_DIR; };
		3B998EA8E0BF19DD9AFA140F /* Pods-Flix-FlixUITests.debug.xcconfig */ = {isa = PBXFileReference; includeInIndex = 1; lastKnownFileType = text.xcconfig; name = "Pods-Flix-FlixUITests.debug.xcconfig"; path = "Target Support Files/Pods-Flix-FlixUITests/Pods-Flix-FlixUITests.debug.xcconfig"; sourceTree = "<group>"; };
		3D12DA638A27146A283FC386 /* Pods-FlixTests.release.xcconfig */ = {isa = PBXFileReference; includeInIndex = 1; lastKnownFileType = text.xcconfig; name = "Pods-FlixTests.release.xcconfig"; path = "Target Support Files/Pods-FlixTests/Pods-FlixTests.release.xcconfig"; sourceTree = "<group>"; };
		3D8C86118634BBC0723F5DE7 /* Pods_FlixTests.framework */ = {isa = PBXFileReference; explicitFileType = wrapper.framework; includeInIndex = 0; path = Pods_FlixTests.framework; sourceTree = BUILT_PRODUCTS_DIR; };
		47A0E231EC3B69E48B31AE12 /* Pods-Flix-FlixUITests.release.xcconfig */ = {isa = PBXFileReference; includeInIndex = 1; lastKnownFileType = text.xcconfig; name = "Pods-Flix-FlixUITests.release.xcconfig"; path = "Target Support Files/Pods-Flix-FlixUITests/Pods-Flix-FlixUITests.release.xcconfig"; sourceTree = "<group>"; };
		59DC3F8F5F7CDF1B31DF0DD3 /* Pods-FlixTests.debug.xcconfig */ = {isa = PBXFileReference; includeInIndex = 1; lastKnownFileType = text.xcconfig; name = "Pods-FlixTests.debug.xcconfig"; path = "Target Support Files/Pods-FlixTests/Pods-FlixTests.debug.xcconfig"; sourceTree = "<group>"; };
		6FD7A94BAFE7033F16A548D1 /* Pods_Flix_FlixUITests.framework */ = {isa = PBXFileReference; explicitFileType = wrapper.framework; includeInIndex = 0; path = Pods_Flix_FlixUITests.framework; sourceTree = BUILT_PRODUCTS_DIR; };
		C794E38125D5D53600AEACAF /* Flix.app */ = {isa = PBXFileReference; explicitFileType = wrapper.application; includeInIndex = 0; path = Flix.app; sourceTree = BUILT_PRODUCTS_DIR; };
		C794E38425D5D53600AEACAF /* AppDelegate.swift */ = {isa = PBXFileReference; lastKnownFileType = sourcecode.swift; path = AppDelegate.swift; sourceTree = "<group>"; };
		C794E38625D5D53600AEACAF /* SceneDelegate.swift */ = {isa = PBXFileReference; lastKnownFileType = sourcecode.swift; path = SceneDelegate.swift; sourceTree = "<group>"; };
		C794E38B25D5D53600AEACAF /* Base */ = {isa = PBXFileReference; lastKnownFileType = file.storyboard; name = Base; path = Base.lproj/Main.storyboard; sourceTree = "<group>"; };
		C794E38D25D5D53800AEACAF /* Assets.xcassets */ = {isa = PBXFileReference; lastKnownFileType = folder.assetcatalog; path = Assets.xcassets; sourceTree = "<group>"; };
		C794E39025D5D53800AEACAF /* Base */ = {isa = PBXFileReference; lastKnownFileType = file.storyboard; name = Base; path = Base.lproj/LaunchScreen.storyboard; sourceTree = "<group>"; };
		C794E39225D5D53800AEACAF /* Info.plist */ = {isa = PBXFileReference; lastKnownFileType = text.plist.xml; path = Info.plist; sourceTree = "<group>"; };
		C794E39725D5D53800AEACAF /* FlixTests.xctest */ = {isa = PBXFileReference; explicitFileType = wrapper.cfbundle; includeInIndex = 0; path = FlixTests.xctest; sourceTree = BUILT_PRODUCTS_DIR; };
		C794E39B25D5D53800AEACAF /* FlixTests.swift */ = {isa = PBXFileReference; lastKnownFileType = sourcecode.swift; path = FlixTests.swift; sourceTree = "<group>"; };
		C794E39D25D5D53800AEACAF /* Info.plist */ = {isa = PBXFileReference; lastKnownFileType = text.plist.xml; path = Info.plist; sourceTree = "<group>"; };
		C794E3A225D5D53800AEACAF /* FlixUITests.xctest */ = {isa = PBXFileReference; explicitFileType = wrapper.cfbundle; includeInIndex = 0; path = FlixUITests.xctest; sourceTree = BUILT_PRODUCTS_DIR; };
		C794E3A625D5D53800AEACAF /* FlixUITests.swift */ = {isa = PBXFileReference; lastKnownFileType = sourcecode.swift; path = FlixUITests.swift; sourceTree = "<group>"; };
		C794E3A825D5D53800AEACAF /* Info.plist */ = {isa = PBXFileReference; lastKnownFileType = text.plist.xml; path = Info.plist; sourceTree = "<group>"; };
		C794E3C025D9AF2200AEACAF /* MovieViewController.swift */ = {isa = PBXFileReference; lastKnownFileType = sourcecode.swift; path = MovieViewController.swift; sourceTree = "<group>"; };
		C794E3C525D9F5FE00AEACAF /* MovieCell.swift */ = {isa = PBXFileReference; lastKnownFileType = sourcecode.swift; path = MovieCell.swift; sourceTree = "<group>"; };
		FB8CA5838C69204C169E1952 /* Pods-Flix.debug.xcconfig */ = {isa = PBXFileReference; includeInIndex = 1; lastKnownFileType = text.xcconfig; name = "Pods-Flix.debug.xcconfig"; path = "Target Support Files/Pods-Flix/Pods-Flix.debug.xcconfig"; sourceTree = "<group>"; };
		FC35053A32AA264A5D7B01FC /* Pods-Flix.release.xcconfig */ = {isa = PBXFileReference; includeInIndex = 1; lastKnownFileType = text.xcconfig; name = "Pods-Flix.release.xcconfig"; path = "Target Support Files/Pods-Flix/Pods-Flix.release.xcconfig"; sourceTree = "<group>"; };
/* End PBXFileReference section */

/* Begin PBXFrameworksBuildPhase section */
		C794E37E25D5D53600AEACAF /* Frameworks */ = {
			isa = PBXFrameworksBuildPhase;
			buildActionMask = 2147483647;
			files = (
				6EBD2DB85EAC6EBF08A41CCC /* Pods_Flix.framework in Frameworks */,
			);
			runOnlyForDeploymentPostprocessing = 0;
		};
		C794E39425D5D53800AEACAF /* Frameworks */ = {
			isa = PBXFrameworksBuildPhase;
			buildActionMask = 2147483647;
			files = (
				41AF9BE5D4F6B0F5E687DB9F /* Pods_FlixTests.framework in Frameworks */,
			);
			runOnlyForDeploymentPostprocessing = 0;
		};
		C794E39F25D5D53800AEACAF /* Frameworks */ = {
			isa = PBXFrameworksBuildPhase;
			buildActionMask = 2147483647;
			files = (
				A0D390D0A95571F1D400142D /* Pods_Flix_FlixUITests.framework in Frameworks */,
			);
			runOnlyForDeploymentPostprocessing = 0;
		};
/* End PBXFrameworksBuildPhase section */

/* Begin PBXGroup section */
		B7886DA2FC202C7A789B7853 /* Pods */ = {
			isa = PBXGroup;
			children = (
				FB8CA5838C69204C169E1952 /* Pods-Flix.debug.xcconfig */,
				FC35053A32AA264A5D7B01FC /* Pods-Flix.release.xcconfig */,
				3B998EA8E0BF19DD9AFA140F /* Pods-Flix-FlixUITests.debug.xcconfig */,
				47A0E231EC3B69E48B31AE12 /* Pods-Flix-FlixUITests.release.xcconfig */,
				59DC3F8F5F7CDF1B31DF0DD3 /* Pods-FlixTests.debug.xcconfig */,
				3D12DA638A27146A283FC386 /* Pods-FlixTests.release.xcconfig */,
			);
			path = Pods;
			sourceTree = "<group>";
		};
		C794E37825D5D53600AEACAF = {
			isa = PBXGroup;
			children = (
				C794E38325D5D53600AEACAF /* Flix */,
				C794E39A25D5D53800AEACAF /* FlixTests */,
				C794E3A525D5D53800AEACAF /* FlixUITests */,
				C794E38225D5D53600AEACAF /* Products */,
				B7886DA2FC202C7A789B7853 /* Pods */,
				E984AB310FF08E357E482B47 /* Frameworks */,
			);
			sourceTree = "<group>";
		};
		C794E38225D5D53600AEACAF /* Products */ = {
			isa = PBXGroup;
			children = (
				C794E38125D5D53600AEACAF /* Flix.app */,
				C794E39725D5D53800AEACAF /* FlixTests.xctest */,
				C794E3A225D5D53800AEACAF /* FlixUITests.xctest */,
			);
			name = Products;
			sourceTree = "<group>";
		};
		C794E38325D5D53600AEACAF /* Flix */ = {
			isa = PBXGroup;
			children = (
				C794E38425D5D53600AEACAF /* AppDelegate.swift */,
				C794E38625D5D53600AEACAF /* SceneDelegate.swift */,
				C794E38A25D5D53600AEACAF /* Main.storyboard */,
				C794E3C525D9F5FE00AEACAF /* MovieCell.swift */,
				C794E3C025D9AF2200AEACAF /* MovieViewController.swift */,
				C794E38D25D5D53800AEACAF /* Assets.xcassets */,
				C794E38F25D5D53800AEACAF /* LaunchScreen.storyboard */,
				C794E39225D5D53800AEACAF /* Info.plist */,
			);
			path = Flix;
			sourceTree = "<group>";
		};
		C794E39A25D5D53800AEACAF /* FlixTests */ = {
			isa = PBXGroup;
			children = (
				C794E39B25D5D53800AEACAF /* FlixTests.swift */,
				C794E39D25D5D53800AEACAF /* Info.plist */,
			);
			path = FlixTests;
			sourceTree = "<group>";
		};
		C794E3A525D5D53800AEACAF /* FlixUITests */ = {
			isa = PBXGroup;
			children = (
				C794E3A625D5D53800AEACAF /* FlixUITests.swift */,
				C794E3A825D5D53800AEACAF /* Info.plist */,
			);
			path = FlixUITests;
			sourceTree = "<group>";
		};
		E984AB310FF08E357E482B47 /* Frameworks */ = {
			isa = PBXGroup;
			children = (
				14415CDB7779411E0EF48373 /* Pods_Flix.framework */,
				6FD7A94BAFE7033F16A548D1 /* Pods_Flix_FlixUITests.framework */,
				3D8C86118634BBC0723F5DE7 /* Pods_FlixTests.framework */,
			);
			name = Frameworks;
			sourceTree = "<group>";
		};
/* End PBXGroup section */

/* Begin PBXNativeTarget section */
		C794E38025D5D53600AEACAF /* Flix */ = {
			isa = PBXNativeTarget;
			buildConfigurationList = C794E3AB25D5D53800AEACAF /* Build configuration list for PBXNativeTarget "Flix" */;
			buildPhases = (
				1D53DB6C173B0ED97A3E7D0C /* [CP] Check Pods Manifest.lock */,
				C794E37D25D5D53600AEACAF /* Sources */,
				C794E37E25D5D53600AEACAF /* Frameworks */,
				C794E37F25D5D53600AEACAF /* Resources */,
				439F89EC59566509222309F3 /* [CP] Embed Pods Frameworks */,
			);
			buildRules = (
			);
			dependencies = (
			);
			name = Flix;
			productName = Flix;
			productReference = C794E38125D5D53600AEACAF /* Flix.app */;
			productType = "com.apple.product-type.application";
		};
		C794E39625D5D53800AEACAF /* FlixTests */ = {
			isa = PBXNativeTarget;
			buildConfigurationList = C794E3AE25D5D53800AEACAF /* Build configuration list for PBXNativeTarget "FlixTests" */;
			buildPhases = (
				8D57AFDC8BCA51B9B6B7E08F /* [CP] Check Pods Manifest.lock */,
				C794E39325D5D53800AEACAF /* Sources */,
				C794E39425D5D53800AEACAF /* Frameworks */,
				C794E39525D5D53800AEACAF /* Resources */,
			);
			buildRules = (
			);
			dependencies = (
				C794E39925D5D53800AEACAF /* PBXTargetDependency */,
			);
			name = FlixTests;
			productName = FlixTests;
			productReference = C794E39725D5D53800AEACAF /* FlixTests.xctest */;
			productType = "com.apple.product-type.bundle.unit-test";
		};
		C794E3A125D5D53800AEACAF /* FlixUITests */ = {
			isa = PBXNativeTarget;
			buildConfigurationList = C794E3B125D5D53800AEACAF /* Build configuration list for PBXNativeTarget "FlixUITests" */;
			buildPhases = (
				581190A372CFC00E39B0AF27 /* [CP] Check Pods Manifest.lock */,
				C794E39E25D5D53800AEACAF /* Sources */,
				C794E39F25D5D53800AEACAF /* Frameworks */,
				C794E3A025D5D53800AEACAF /* Resources */,
				1A94F0C63BC95444D8F7D870 /* [CP] Embed Pods Frameworks */,
			);
			buildRules = (
			);
			dependencies = (
				C794E3A425D5D53800AEACAF /* PBXTargetDependency */,
			);
			name = FlixUITests;
			productName = FlixUITests;
			productReference = C794E3A225D5D53800AEACAF /* FlixUITests.xctest */;
			productType = "com.apple.product-type.bundle.ui-testing";
		};
/* End PBXNativeTarget section */

/* Begin PBXProject section */
		C794E37925D5D53600AEACAF /* Project object */ = {
			isa = PBXProject;
			attributes = {
				LastSwiftUpdateCheck = 1240;
				LastUpgradeCheck = 1240;
				TargetAttributes = {
					C794E38025D5D53600AEACAF = {
						CreatedOnToolsVersion = 12.4;
					};
					C794E39625D5D53800AEACAF = {
						CreatedOnToolsVersion = 12.4;
						TestTargetID = C794E38025D5D53600AEACAF;
					};
					C794E3A125D5D53800AEACAF = {
						CreatedOnToolsVersion = 12.4;
						TestTargetID = C794E38025D5D53600AEACAF;
					};
				};
			};
			buildConfigurationList = C794E37C25D5D53600AEACAF /* Build configuration list for PBXProject "QuickFlicks" */;
			compatibilityVersion = "Xcode 9.3";
			developmentRegion = en;
			hasScannedForEncodings = 0;
			knownRegions = (
				en,
				Base,
			);
			mainGroup = C794E37825D5D53600AEACAF;
			productRefGroup = C794E38225D5D53600AEACAF /* Products */;
			projectDirPath = "";
			projectRoot = "";
			targets = (
				C794E38025D5D53600AEACAF /* Flix */,
				C794E39625D5D53800AEACAF /* FlixTests */,
				C794E3A125D5D53800AEACAF /* FlixUITests */,
			);
		};
/* End PBXProject section */

/* Begin PBXResourcesBuildPhase section */
		C794E37F25D5D53600AEACAF /* Resources */ = {
			isa = PBXResourcesBuildPhase;
			buildActionMask = 2147483647;
			files = (
				C794E39125D5D53800AEACAF /* LaunchScreen.storyboard in Resources */,
				C794E38E25D5D53800AEACAF /* Assets.xcassets in Resources */,
				C794E38C25D5D53600AEACAF /* Main.storyboard in Resources */,
			);
			runOnlyForDeploymentPostprocessing = 0;
		};
		C794E39525D5D53800AEACAF /* Resources */ = {
			isa = PBXResourcesBuildPhase;
			buildActionMask = 2147483647;
			files = (
			);
			runOnlyForDeploymentPostprocessing = 0;
		};
		C794E3A025D5D53800AEACAF /* Resources */ = {
			isa = PBXResourcesBuildPhase;
			buildActionMask = 2147483647;
			files = (
			);
			runOnlyForDeploymentPostprocessing = 0;
		};
/* End PBXResourcesBuildPhase section */

/* Begin PBXShellScriptBuildPhase section */
		1A94F0C63BC95444D8F7D870 /* [CP] Embed Pods Frameworks */ = {
			isa = PBXShellScriptBuildPhase;
			buildActionMask = 2147483647;
			files = (
			);
			inputFileListPaths = (
				"${PODS_ROOT}/Target Support Files/Pods-Flix-FlixUITests/Pods-Flix-FlixUITests-frameworks-${CONFIGURATION}-input-files.xcfilelist",
			);
			name = "[CP] Embed Pods Frameworks";
			outputFileListPaths = (
				"${PODS_ROOT}/Target Support Files/Pods-Flix-FlixUITests/Pods-Flix-FlixUITests-frameworks-${CONFIGURATION}-output-files.xcfilelist",
			);
			runOnlyForDeploymentPostprocessing = 0;
			shellPath = /bin/sh;
			shellScript = "\"${PODS_ROOT}/Target Support Files/Pods-Flix-FlixUITests/Pods-Flix-FlixUITests-frameworks.sh\"\n";
			showEnvVarsInLog = 0;
		};
		1D53DB6C173B0ED97A3E7D0C /* [CP] Check Pods Manifest.lock */ = {
			isa = PBXShellScriptBuildPhase;
			buildActionMask = 2147483647;
			files = (
			);
			inputFileListPaths = (
			);
			inputPaths = (
				"${PODS_PODFILE_DIR_PATH}/Podfile.lock",
				"${PODS_ROOT}/Manifest.lock",
			);
			name = "[CP] Check Pods Manifest.lock";
			outputFileListPaths = (
			);
			outputPaths = (
				"$(DERIVED_FILE_DIR)/Pods-Flix-checkManifestLockResult.txt",
			);
			runOnlyForDeploymentPostprocessing = 0;
			shellPath = /bin/sh;
			shellScript = "diff \"${PODS_PODFILE_DIR_PATH}/Podfile.lock\" \"${PODS_ROOT}/Manifest.lock\" > /dev/null\nif [ $? != 0 ] ; then\n    # print error to STDERR\n    echo \"error: The sandbox is not in sync with the Podfile.lock. Run 'pod install' or update your CocoaPods installation.\" >&2\n    exit 1\nfi\n# This output is used by Xcode 'outputs' to avoid re-running this script phase.\necho \"SUCCESS\" > \"${SCRIPT_OUTPUT_FILE_0}\"\n";
			showEnvVarsInLog = 0;
		};
		439F89EC59566509222309F3 /* [CP] Embed Pods Frameworks */ = {
			isa = PBXShellScriptBuildPhase;
			buildActionMask = 2147483647;
			files = (
			);
			inputFileListPaths = (
				"${PODS_ROOT}/Target Support Files/Pods-Flix/Pods-Flix-frameworks-${CONFIGURATION}-input-files.xcfilelist",
			);
			name = "[CP] Embed Pods Frameworks";
			outputFileListPaths = (
				"${PODS_ROOT}/Target Support Files/Pods-Flix/Pods-Flix-frameworks-${CONFIGURATION}-output-files.xcfilelist",
			);
			runOnlyForDeploymentPostprocessing = 0;
			shellPath = /bin/sh;
			shellScript = "\"${PODS_ROOT}/Target Support Files/Pods-Flix/Pods-Flix-frameworks.sh\"\n";
			showEnvVarsInLog = 0;
		};
		581190A372CFC00E39B0AF27 /* [CP] Check Pods Manifest.lock */ = {
			isa = PBXShellScriptBuildPhase;
			buildActionMask = 2147483647;
			files = (
			);
			inputFileListPaths = (
			);
			inputPaths = (
				"${PODS_PODFILE_DIR_PATH}/Podfile.lock",
				"${PODS_ROOT}/Manifest.lock",
			);
			name = "[CP] Check Pods Manifest.lock";
			outputFileListPaths = (
			);
			outputPaths = (
				"$(DERIVED_FILE_DIR)/Pods-Flix-FlixUITests-checkManifestLockResult.txt",
			);
			runOnlyForDeploymentPostprocessing = 0;
			shellPath = /bin/sh;
			shellScript = "diff \"${PODS_PODFILE_DIR_PATH}/Podfile.lock\" \"${PODS_ROOT}/Manifest.lock\" > /dev/null\nif [ $? != 0 ] ; then\n    # print error to STDERR\n    echo \"error: The sandbox is not in sync with the Podfile.lock. Run 'pod install' or update your CocoaPods installation.\" >&2\n    exit 1\nfi\n# This output is used by Xcode 'outputs' to avoid re-running this script phase.\necho \"SUCCESS\" > \"${SCRIPT_OUTPUT_FILE_0}\"\n";
			showEnvVarsInLog = 0;
		};
		8D57AFDC8BCA51B9B6B7E08F /* [CP] Check Pods Manifest.lock */ = {
			isa = PBXShellScriptBuildPhase;
			buildActionMask = 2147483647;
			files = (
			);
			inputFileListPaths = (
			);
			inputPaths = (
				"${PODS_PODFILE_DIR_PATH}/Podfile.lock",
				"${PODS_ROOT}/Manifest.lock",
			);
			name = "[CP] Check Pods Manifest.lock";
			outputFileListPaths = (
			);
			outputPaths = (
				"$(DERIVED_FILE_DIR)/Pods-FlixTests-checkManifestLockResult.txt",
			);
			runOnlyForDeploymentPostprocessing = 0;
			shellPath = /bin/sh;
			shellScript = "diff \"${PODS_PODFILE_DIR_PATH}/Podfile.lock\" \"${PODS_ROOT}/Manifest.lock\" > /dev/null\nif [ $? != 0 ] ; then\n    # print error to STDERR\n    echo \"error: The sandbox is not in sync with the Podfile.lock. Run 'pod install' or update your CocoaPods installation.\" >&2\n    exit 1\nfi\n# This output is used by Xcode 'outputs' to avoid re-running this script phase.\necho \"SUCCESS\" > \"${SCRIPT_OUTPUT_FILE_0}\"\n";
			showEnvVarsInLog = 0;
		};
/* End PBXShellScriptBuildPhase section */

/* Begin PBXSourcesBuildPhase section */
		C794E37D25D5D53600AEACAF /* Sources */ = {
			isa = PBXSourcesBuildPhase;
			buildActionMask = 2147483647;
			files = (
				C794E38525D5D53600AEACAF /* AppDelegate.swift in Sources */,
				C794E38725D5D53600AEACAF /* SceneDelegate.swift in Sources */,
				C794E3C625D9F5FE00AEACAF /* MovieCell.swift in Sources */,
				C794E3C125D9AF2200AEACAF /* MovieViewController.swift in Sources */,
			);
			runOnlyForDeploymentPostprocessing = 0;
		};
		C794E39325D5D53800AEACAF /* Sources */ = {
			isa = PBXSourcesBuildPhase;
			buildActionMask = 2147483647;
			files = (
				C794E39C25D5D53800AEACAF /* FlixTests.swift in Sources */,
			);
			runOnlyForDeploymentPostprocessing = 0;
		};
		C794E39E25D5D53800AEACAF /* Sources */ = {
			isa = PBXSourcesBuildPhase;
			buildActionMask = 2147483647;
			files = (
				C794E3A725D5D53800AEACAF /* FlixUITests.swift in Sources */,
			);
			runOnlyForDeploymentPostprocessing = 0;
		};
/* End PBXSourcesBuildPhase section */

/* Begin PBXTargetDependency section */
		C794E39925D5D53800AEACAF /* PBXTargetDependency */ = {
			isa = PBXTargetDependency;
			target = C794E38025D5D53600AEACAF /* Flix */;
			targetProxy = C794E39825D5D53800AEACAF /* PBXContainerItemProxy */;
		};
		C794E3A425D5D53800AEACAF /* PBXTargetDependency */ = {
			isa = PBXTargetDependency;
			target = C794E38025D5D53600AEACAF /* Flix */;
			targetProxy = C794E3A325D5D53800AEACAF /* PBXContainerItemProxy */;
		};
/* End PBXTargetDependency section */

/* Begin PBXVariantGroup section */
		C794E38A25D5D53600AEACAF /* Main.storyboard */ = {
			isa = PBXVariantGroup;
			children = (
				C794E38B25D5D53600AEACAF /* Base */,
			);
			name = Main.storyboard;
			sourceTree = "<group>";
		};
		C794E38F25D5D53800AEACAF /* LaunchScreen.storyboard */ = {
			isa = PBXVariantGroup;
			children = (
				C794E39025D5D53800AEACAF /* Base */,
			);
			name = LaunchScreen.storyboard;
			sourceTree = "<group>";
		};
/* End PBXVariantGroup section */

/* Begin XCBuildConfiguration section */
		C794E3A925D5D53800AEACAF /* Debug */ = {
			isa = XCBuildConfiguration;
			buildSettings = {
				ALWAYS_SEARCH_USER_PATHS = NO;
				CLANG_ANALYZER_NONNULL = YES;
				CLANG_ANALYZER_NUMBER_OBJECT_CONVERSION = YES_AGGRESSIVE;
				CLANG_CXX_LANGUAGE_STANDARD = "gnu++14";
				CLANG_CXX_LIBRARY = "libc++";
				CLANG_ENABLE_MODULES = YES;
				CLANG_ENABLE_OBJC_ARC = YES;
				CLANG_ENABLE_OBJC_WEAK = YES;
				CLANG_WARN_BLOCK_CAPTURE_AUTORELEASING = YES;
				CLANG_WARN_BOOL_CONVERSION = YES;
				CLANG_WARN_COMMA = YES;
				CLANG_WARN_CONSTANT_CONVERSION = YES;
				CLANG_WARN_DEPRECATED_OBJC_IMPLEMENTATIONS = YES;
				CLANG_WARN_DIRECT_OBJC_ISA_USAGE = YES_ERROR;
				CLANG_WARN_DOCUMENTATION_COMMENTS = YES;
				CLANG_WARN_EMPTY_BODY = YES;
				CLANG_WARN_ENUM_CONVERSION = YES;
				CLANG_WARN_INFINITE_RECURSION = YES;
				CLANG_WARN_INT_CONVERSION = YES;
				CLANG_WARN_NON_LITERAL_NULL_CONVERSION = YES;
				CLANG_WARN_OBJC_IMPLICIT_RETAIN_SELF = YES;
				CLANG_WARN_OBJC_LITERAL_CONVERSION = YES;
				CLANG_WARN_OBJC_ROOT_CLASS = YES_ERROR;
				CLANG_WARN_QUOTED_INCLUDE_IN_FRAMEWORK_HEADER = YES;
				CLANG_WARN_RANGE_LOOP_ANALYSIS = YES;
				CLANG_WARN_STRICT_PROTOTYPES = YES;
				CLANG_WARN_SUSPICIOUS_MOVE = YES;
				CLANG_WARN_UNGUARDED_AVAILABILITY = YES_AGGRESSIVE;
				CLANG_WARN_UNREACHABLE_CODE = YES;
				CLANG_WARN__DUPLICATE_METHOD_MATCH = YES;
				COPY_PHASE_STRIP = NO;
				DEBUG_INFORMATION_FORMAT = dwarf;
				ENABLE_STRICT_OBJC_MSGSEND = YES;
				ENABLE_TESTABILITY = YES;
				GCC_C_LANGUAGE_STANDARD = gnu11;
				GCC_DYNAMIC_NO_PIC = NO;
				GCC_NO_COMMON_BLOCKS = YES;
				GCC_OPTIMIZATION_LEVEL = 0;
				GCC_PREPROCESSOR_DEFINITIONS = (
					"DEBUG=1",
					"$(inherited)",
				);
				GCC_WARN_64_TO_32_BIT_CONVERSION = YES;
				GCC_WARN_ABOUT_RETURN_TYPE = YES_ERROR;
				GCC_WARN_UNDECLARED_SELECTOR = YES;
				GCC_WARN_UNINITIALIZED_AUTOS = YES_AGGRESSIVE;
				GCC_WARN_UNUSED_FUNCTION = YES;
				GCC_WARN_UNUSED_VARIABLE = YES;
				IPHONEOS_DEPLOYMENT_TARGET = 14.4;
				MTL_ENABLE_DEBUG_INFO = INCLUDE_SOURCE;
				MTL_FAST_MATH = YES;
				ONLY_ACTIVE_ARCH = YES;
				SDKROOT = iphoneos;
				SWIFT_ACTIVE_COMPILATION_CONDITIONS = DEBUG;
				SWIFT_OPTIMIZATION_LEVEL = "-Onone";
			};
			name = Debug;
		};
		C794E3AA25D5D53800AEACAF /* Release */ = {
			isa = XCBuildConfiguration;
			buildSettings = {
				ALWAYS_SEARCH_USER_PATHS = NO;
				CLANG_ANALYZER_NONNULL = YES;
				CLANG_ANALYZER_NUMBER_OBJECT_CONVERSION = YES_AGGRESSIVE;
				CLANG_CXX_LANGUAGE_STANDARD = "gnu++14";
				CLANG_CXX_LIBRARY = "libc++";
				CLANG_ENABLE_MODULES = YES;
				CLANG_ENABLE_OBJC_ARC = YES;
				CLANG_ENABLE_OBJC_WEAK = YES;
				CLANG_WARN_BLOCK_CAPTURE_AUTORELEASING = YES;
				CLANG_WARN_BOOL_CONVERSION = YES;
				CLANG_WARN_COMMA = YES;
				CLANG_WARN_CONSTANT_CONVERSION = YES;
				CLANG_WARN_DEPRECATED_OBJC_IMPLEMENTATIONS = YES;
				CLANG_WARN_DIRECT_OBJC_ISA_USAGE = YES_ERROR;
				CLANG_WARN_DOCUMENTATION_COMMENTS = YES;
				CLANG_WARN_EMPTY_BODY = YES;
				CLANG_WARN_ENUM_CONVERSION = YES;
				CLANG_WARN_INFINITE_RECURSION = YES;
				CLANG_WARN_INT_CONVERSION = YES;
				CLANG_WARN_NON_LITERAL_NULL_CONVERSION = YES;
				CLANG_WARN_OBJC_IMPLICIT_RETAIN_SELF = YES;
				CLANG_WARN_OBJC_LITERAL_CONVERSION = YES;
				CLANG_WARN_OBJC_ROOT_CLASS = YES_ERROR;
				CLANG_WARN_QUOTED_INCLUDE_IN_FRAMEWORK_HEADER = YES;
				CLANG_WARN_RANGE_LOOP_ANALYSIS = YES;
				CLANG_WARN_STRICT_PROTOTYPES = YES;
				CLANG_WARN_SUSPICIOUS_MOVE = YES;
				CLANG_WARN_UNGUARDED_AVAILABILITY = YES_AGGRESSIVE;
				CLANG_WARN_UNREACHABLE_CODE = YES;
				CLANG_WARN__DUPLICATE_METHOD_MATCH = YES;
				COPY_PHASE_STRIP = NO;
				DEBUG_INFORMATION_FORMAT = "dwarf-with-dsym";
				ENABLE_NS_ASSERTIONS = NO;
				ENABLE_STRICT_OBJC_MSGSEND = YES;
				GCC_C_LANGUAGE_STANDARD = gnu11;
				GCC_NO_COMMON_BLOCKS = YES;
				GCC_WARN_64_TO_32_BIT_CONVERSION = YES;
				GCC_WARN_ABOUT_RETURN_TYPE = YES_ERROR;
				GCC_WARN_UNDECLARED_SELECTOR = YES;
				GCC_WARN_UNINITIALIZED_AUTOS = YES_AGGRESSIVE;
				GCC_WARN_UNUSED_FUNCTION = YES;
				GCC_WARN_UNUSED_VARIABLE = YES;
				IPHONEOS_DEPLOYMENT_TARGET = 14.4;
				MTL_ENABLE_DEBUG_INFO = NO;
				MTL_FAST_MATH = YES;
				SDKROOT = iphoneos;
				SWIFT_COMPILATION_MODE = wholemodule;
				SWIFT_OPTIMIZATION_LEVEL = "-O";
				VALIDATE_PRODUCT = YES;
			};
			name = Release;
		};
		C794E3AC25D5D53800AEACAF /* Debug */ = {
			isa = XCBuildConfiguration;
			baseConfigurationReference = FB8CA5838C69204C169E1952 /* Pods-Flix.debug.xcconfig */;
			buildSettings = {
				ASSETCATALOG_COMPILER_APPICON_NAME = AppIcon;
				ASSETCATALOG_COMPILER_GLOBAL_ACCENT_COLOR_NAME = AccentColor;
				CODE_SIGN_STYLE = Automatic;
				DEVELOPMENT_TEAM = 79X4HLLV85;
				INFOPLIST_FILE = Flix/Info.plist;
				LD_RUNPATH_SEARCH_PATHS = (
					"$(inherited)",
					"@executable_path/Frameworks",
				);
				PRODUCT_BUNDLE_IDENTIFIER = com.ui.QuickFlicks;
				PRODUCT_NAME = "$(TARGET_NAME)";
				SWIFT_VERSION = 5.0;
				TARGETED_DEVICE_FAMILY = "1,2";
			};
			name = Debug;
		};
		C794E3AD25D5D53800AEACAF /* Release */ = {
			isa = XCBuildConfiguration;
			baseConfigurationReference = FC35053A32AA264A5D7B01FC /* Pods-Flix.release.xcconfig */;
			buildSettings = {
				ASSETCATALOG_COMPILER_APPICON_NAME = AppIcon;
				ASSETCATALOG_COMPILER_GLOBAL_ACCENT_COLOR_NAME = AccentColor;
				CODE_SIGN_STYLE = Automatic;
				DEVELOPMENT_TEAM = 79X4HLLV85;
				INFOPLIST_FILE = Flix/Info.plist;
				LD_RUNPATH_SEARCH_PATHS = (
					"$(inherited)",
					"@executable_path/Frameworks",
				);
				PRODUCT_BUNDLE_IDENTIFIER = com.ui.QuickFlicks;
				PRODUCT_NAME = "$(TARGET_NAME)";
				SWIFT_VERSION = 5.0;
				TARGETED_DEVICE_FAMILY = "1,2";
			};
			name = Release;
		};
		C794E3AF25D5D53800AEACAF /* Debug */ = {
			isa = XCBuildConfiguration;
			baseConfigurationReference = 59DC3F8F5F7CDF1B31DF0DD3 /* Pods-FlixTests.debug.xcconfig */;
			buildSettings = {
				ALWAYS_EMBED_SWIFT_STANDARD_LIBRARIES = YES;
				BUNDLE_LOADER = "$(TEST_HOST)";
				CODE_SIGN_STYLE = Automatic;
				INFOPLIST_FILE = FlixTests/Info.plist;
				IPHONEOS_DEPLOYMENT_TARGET = 14.4;
				LD_RUNPATH_SEARCH_PATHS = (
					"$(inherited)",
					"@executable_path/Frameworks",
					"@loader_path/Frameworks",
				);
				PRODUCT_BUNDLE_IDENTIFIER = com.ui.FlixTests;
				PRODUCT_NAME = "$(TARGET_NAME)";
				SWIFT_VERSION = 5.0;
				TARGETED_DEVICE_FAMILY = "1,2";
				TEST_HOST = "$(BUILT_PRODUCTS_DIR)/Flix.app/Flix";
			};
			name = Debug;
		};
		C794E3B025D5D53800AEACAF /* Release */ = {
			isa = XCBuildConfiguration;
			baseConfigurationReference = 3D12DA638A27146A283FC386 /* Pods-FlixTests.release.xcconfig */;
			buildSettings = {
				ALWAYS_EMBED_SWIFT_STANDARD_LIBRARIES = YES;
				BUNDLE_LOADER = "$(TEST_HOST)";
				CODE_SIGN_STYLE = Automatic;
				INFOPLIST_FILE = FlixTests/Info.plist;
				IPHONEOS_DEPLOYMENT_TARGET = 14.4;
				LD_RUNPATH_SEARCH_PATHS = (
					"$(inherited)",
					"@executable_path/Frameworks",
					"@loader_path/Frameworks",
				);
				PRODUCT_BUNDLE_IDENTIFIER = com.ui.FlixTests;
				PRODUCT_NAME = "$(TARGET_NAME)";
				SWIFT_VERSION = 5.0;
				TARGETED_DEVICE_FAMILY = "1,2";
				TEST_HOST = "$(BUILT_PRODUCTS_DIR)/Flix.app/Flix";
			};
			name = Release;
		};
		C794E3B225D5D53800AEACAF /* Debug */ = {
			isa = XCBuildConfiguration;
			baseConfigurationReference = 3B998EA8E0BF19DD9AFA140F /* Pods-Flix-FlixUITests.debug.xcconfig */;
			buildSettings = {
				ALWAYS_EMBED_SWIFT_STANDARD_LIBRARIES = YES;
				CODE_SIGN_STYLE = Automatic;
				INFOPLIST_FILE = FlixUITests/Info.plist;
				LD_RUNPATH_SEARCH_PATHS = (
					"$(inherited)",
					"@executable_path/Frameworks",
					"@loader_path/Frameworks",
				);
				PRODUCT_BUNDLE_IDENTIFIER = com.ui.FlixUITests;
				PRODUCT_NAME = "$(TARGET_NAME)";
				SWIFT_VERSION = 5.0;
				TARGETED_DEVICE_FAMILY = "1,2";
				TEST_TARGET_NAME = Flix;
			};
			name = Debug;
		};
		C794E3B325D5D53800AEACAF /* Release */ = {
			isa = XCBuildConfiguration;
			baseConfigurationReference = 47A0E231EC3B69E48B31AE12 /* Pods-Flix-FlixUITests.release.xcconfig */;
			buildSettings = {
				ALWAYS_EMBED_SWIFT_STANDARD_LIBRARIES = YES;
				CODE_SIGN_STYLE = Automatic;
				INFOPLIST_FILE = FlixUITests/Info.plist;
				LD_RUNPATH_SEARCH_PATHS = (
					"$(inherited)",
					"@executable_path/Frameworks",
					"@loader_path/Frameworks",
				);
				PRODUCT_BUNDLE_IDENTIFIER = com.ui.FlixUITests;
				PRODUCT_NAME = "$(TARGET_NAME)";
				SWIFT_VERSION = 5.0;
				TARGETED_DEVICE_FAMILY = "1,2";
				TEST_TARGET_NAME = Flix;
			};
			name = Release;
		};
/* End XCBuildConfiguration section */

/* Begin XCConfigurationList section */
		C794E37C25D5D53600AEACAF /* Build configuration list for PBXProject "QuickFlicks" */ = {
			isa = XCConfigurationList;
			buildConfigurations = (
				C794E3A925D5D53800AEACAF /* Debug */,
				C794E3AA25D5D53800AEACAF /* Release */,
			);
			defaultConfigurationIsVisible = 0;
			defaultConfigurationName = Release;
		};
		C794E3AB25D5D53800AEACAF /* Build configuration list for PBXNativeTarget "Flix" */ = {
			isa = XCConfigurationList;
			buildConfigurations = (
				C794E3AC25D5D53800AEACAF /* Debug */,
				C794E3AD25D5D53800AEACAF /* Release */,
			);
			defaultConfigurationIsVisible = 0;
			defaultConfigurationName = Release;
		};
		C794E3AE25D5D53800AEACAF /* Build configuration list for PBXNativeTarget "FlixTests" */ = {
			isa = XCConfigurationList;
			buildConfigurations = (
				C794E3AF25D5D53800AEACAF /* Debug */,
				C794E3B025D5D53800AEACAF /* Release */,
			);
			defaultConfigurationIsVisible = 0;
			defaultConfigurationName = Release;
		};
		C794E3B125D5D53800AEACAF /* Build configuration list for PBXNativeTarget "FlixUITests" */ = {
			isa = XCConfigurationList;
			buildConfigurations = (
				C794E3B225D5D53800AEACAF /* Debug */,
				C794E3B325D5D53800AEACAF /* Release */,
			);
			defaultConfigurationIsVisible = 0;
			defaultConfigurationName = Release;
		};
/* End XCConfigurationList section */
	};
	rootObject = C794E37925D5D53600AEACAF /* Project object */;
}
